
Microsoft Visual Studio Solution File, Format Version 12.00
# Visual Studio Version 16
VisualStudioVersion = 16.0.30320.27
MinimumVisualStudioVersion = 10.0.40219.1
Project("{FAE04EC0-301F-11D3-BF4B-00C04F79EFBC}") = "AspNetCoreBackend", "AspNetCoreBackend\AspNetCoreBackend.csproj", "{BA6BE9BB-7CC2-4B30-961E-5BE63497A809}"
EndProject
Global
	GlobalSection(SolutionConfigurationPlatforms) = preSolution
		Debug|Any CPU = Debug|Any CPU
		Release|Any CPU = Release|Any CPU
	EndGlobalSection
	GlobalSection(ProjectConfigurationPlatforms) = postSolution
		{BA6BE9BB-7CC2-4B30-961E-5BE63497A809}.Debug|Any CPU.ActiveCfg = Debug|Any CPU
		{BA6BE9BB-7CC2-4B30-961E-5BE63497A809}.Debug|Any CPU.Build.0 = Debug|Any CPU
		{BA6BE9BB-7CC2-4B30-961E-5BE63497A809}.Release|Any CPU.ActiveCfg = Release|Any CPU
		{BA6BE9BB-7CC2-4B30-961E-5BE63497A809}.Release|Any CPU.Build.0 = Release|Any CPU
	EndGlobalSection
	GlobalSection(SolutionProperties) = preSolution
		HideSolutionNode = FALSE
	EndGlobalSection
	GlobalSection(ExtensibilityGlobals) = postSolution
		SolutionGuid = {2C2E8CFA-DCA9-4FA2-8AB2-BACA18516CED}
	EndGlobalSection
EndGlobal
